
Microsoft Visual Studio Solution File, Format Version 12.00
# Visual Studio 15
VisualStudioVersion = 15.0.26730.16
MinimumVisualStudioVersion = 10.0.40219.1
Project("{FAE04EC0-301F-11D3-BF4B-00C04F79EFBC}") = "2-1", "abril\2-1.csproj", "{74AC37B3-A0EF-4EC4-97D2-560D7EF4EDB4}"
EndProject
Project("{FAE04EC0-301F-11D3-BF4B-00C04F79EFBC}") = "2-2", "2-2\2-2.csproj", "{BD335959-CC6D-43F2-AC2F-A0D0CB6E68A7}"
EndProject
Project("{FAE04EC0-301F-11D3-BF4B-00C04F79EFBC}") = "2-5", "2-5\2-5.csproj", "{A5ADD9EE-744C-4C37-A44E-9F592D007E2B}"
EndProject
Project("{FAE04EC0-301F-11D3-BF4B-00C04F79EFBC}") = "serv1-1", "serv1-1\serv1-1.csproj", "{91761188-5C53-4629-A9C4-D29B9FE89F28}"
EndProject
Project("{FAE04EC0-301F-11D3-BF4B-00C04F79EFBC}") = "BlocNotas", "BlocNotas\BlocNotas\BlocNotas\BlocNotas.csproj", "{164A6B42-C554-4C40-8E67-1165BB380E69}"
EndProject
Project("{FAE04EC0-301F-11D3-BF4B-00C04F79EFBC}") = "Librería", "ClassLibrary2\ClassLibrary2\Librería.csproj", "{721B99A8-75CA-4246-9F20-FC36F33534D3}"
EndProject
Global
	GlobalSection(SolutionConfigurationPlatforms) = preSolution
		Debug|Any CPU = Debug|Any CPU
		Release|Any CPU = Release|Any CPU
	EndGlobalSection
	GlobalSection(ProjectConfigurationPlatforms) = postSolution
		{74AC37B3-A0EF-4EC4-97D2-560D7EF4EDB4}.Debug|Any CPU.ActiveCfg = Debug|Any CPU
		{74AC37B3-A0EF-4EC4-97D2-560D7EF4EDB4}.Debug|Any CPU.Build.0 = Debug|Any CPU
		{74AC37B3-A0EF-4EC4-97D2-560D7EF4EDB4}.Release|Any CPU.ActiveCfg = Release|Any CPU
		{74AC37B3-A0EF-4EC4-97D2-560D7EF4EDB4}.Release|Any CPU.Build.0 = Release|Any CPU
		{BD335959-CC6D-43F2-AC2F-A0D0CB6E68A7}.Debug|Any CPU.ActiveCfg = Debug|Any CPU
		{BD335959-CC6D-43F2-AC2F-A0D0CB6E68A7}.Debug|Any CPU.Build.0 = Debug|Any CPU
		{BD335959-CC6D-43F2-AC2F-A0D0CB6E68A7}.Release|Any CPU.ActiveCfg = Release|Any CPU
		{BD335959-CC6D-43F2-AC2F-A0D0CB6E68A7}.Release|Any CPU.Build.0 = Release|Any CPU
		{A5ADD9EE-744C-4C37-A44E-9F592D007E2B}.Debug|Any CPU.ActiveCfg = Debug|Any CPU
		{A5ADD9EE-744C-4C37-A44E-9F592D007E2B}.Debug|Any CPU.Build.0 = Debug|Any CPU
		{A5ADD9EE-744C-4C37-A44E-9F592D007E2B}.Release|Any CPU.ActiveCfg = Release|Any CPU
		{A5ADD9EE-744C-4C37-A44E-9F592D007E2B}.Release|Any CPU.Build.0 = Release|Any CPU
		{91761188-5C53-4629-A9C4-D29B9FE89F28}.Debug|Any CPU.ActiveCfg = Debug|Any CPU
		{91761188-5C53-4629-A9C4-D29B9FE89F28}.Debug|Any CPU.Build.0 = Debug|Any CPU
		{91761188-5C53-4629-A9C4-D29B9FE89F28}.Release|Any CPU.ActiveCfg = Release|Any CPU
		{91761188-5C53-4629-A9C4-D29B9FE89F28}.Release|Any CPU.Build.0 = Release|Any CPU
		{164A6B42-C554-4C40-8E67-1165BB380E69}.Debug|Any CPU.ActiveCfg = Debug|Any CPU
		{164A6B42-C554-4C40-8E67-1165BB380E69}.Debug|Any CPU.Build.0 = Debug|Any CPU
		{164A6B42-C554-4C40-8E67-1165BB380E69}.Release|Any CPU.ActiveCfg = Release|Any CPU
		{164A6B42-C554-4C40-8E67-1165BB380E69}.Release|Any CPU.Build.0 = Release|Any CPU
		{721B99A8-75CA-4246-9F20-FC36F33534D3}.Debug|Any CPU.ActiveCfg = Debug|Any CPU
		{721B99A8-75CA-4246-9F20-FC36F33534D3}.Debug|Any CPU.Build.0 = Debug|Any CPU
		{721B99A8-75CA-4246-9F20-FC36F33534D3}.Release|Any CPU.ActiveCfg = Release|Any CPU
		{721B99A8-75CA-4246-9F20-FC36F33534D3}.Release|Any CPU.Build.0 = Release|Any CPU
	EndGlobalSection
	GlobalSection(SolutionProperties) = preSolution
		HideSolutionNode = FALSE
	EndGlobalSection
	GlobalSection(ExtensibilityGlobals) = postSolution
		SolutionGuid = {71D17AF4-A9FC-4306-B9EA-FB8F2B3F468B}
	EndGlobalSection
EndGlobal
